{
    "requires": true,
    "lockfileVersion": 1,
    "dependencies": {
        "bootstrap-select": {
            "version": "1.13.18",
            "resolved": "https://registry.npmjs.org/bootstrap-select/-/bootstrap-select-1.13.18.tgz",
            "integrity": "sha512-V1IzK4rxBq5FrJtkzSH6RmFLFBsjx50byFbfAf8jYyXROWs7ZpprGjdHeoyq2HSsHyjJhMMwjsQhRoYAfxCGow=="
        },
        "bootstrap-social": {
            "version": "5.1.1",
            "resolved": "https://registry.npmjs.org/bootstrap-social/-/bootstrap-social-5.1.1.tgz",
            "integrity": "sha512-26/oT2rVCyyj7QmbrAwR/L3lHZNDWUdlpjh6a+tnBtB75UnEBEx5btwi7aX505w8pTXvkil8vt0faRGSa5NOdQ==",
            "requires": {
                "bootstrap": "~3",
                "font-awesome": "~4.7"
            },
            "dependencies": {
                "bootstrap": {
                    "version": "3.4.1",
                    "resolved": "https://registry.npmjs.org/bootstrap/-/bootstrap-3.4.1.tgz",
                    "integrity": "sha512-yN5oZVmRCwe5aKwzRj6736nSmKDX7pLYwsXiCj/EYmo16hODaBiT4En5btW/jhBF/seV+XMx3aYwukYC3A49DA=="
                }
            }
        },
        "font-awesome": {
            "version": "4.7.0",
            "resolved": "https://registry.npmjs.org/font-awesome/-/font-awesome-4.7.0.tgz",
            "integrity": "sha512-U6kGnykA/6bFmg1M/oT9EkFeIYv7JlX3bozwQJWiiLz6L0w3F5vBVPxHlwyX/vtNq1ckcpRKOB9f2Qal/VtFpg=="
        },
        "select2": {
            "version": "4.1.0-rc.0",
            "resolved": "https://registry.npmjs.org/select2/-/select2-4.1.0-rc.0.tgz",
            "integrity": "sha512-Hr9TdhyHCZUtwznEH2CBf7967mEM0idtJ5nMtjvk3Up5tPukOLXbHUNmh10oRfeNIhj+3GD3niu+g6sVK+gK0A=="
        },
        "sweetalert2": {
            "version": "10.16.9",
            "resolved": "https://registry.npmjs.org/sweetalert2/-/sweetalert2-10.16.9.tgz",
            "integrity": "sha512-oNe+md5tmmS3fGfVHa7gVPlun7Td2oANSacnZCeghnrr3OHBi6UPVPU+GFrymwaDqwQspACilLRmRnM7aTjNPA==",
            "dev": true
        }
    }
}
